
Microsoft Visual Studio Solution File, Format Version 12.00
# Visual Studio 15
VisualStudioVersion = 15.0.28010.2041
MinimumVisualStudioVersion = 10.0.40219.1
Project("{FAE04EC0-301F-11D3-BF4B-00C04F79EFBC}") = "420", "420\420.csproj", "{65E996A4-68B5-4A60-8148-745BB55FDBEF}"
EndProject
Global
	GlobalSection(SolutionConfigurationPlatforms) = preSolution
		Debug|Any CPU = Debug|Any CPU
		Release|Any CPU = Release|Any CPU
	EndGlobalSection
	GlobalSection(ProjectConfigurationPlatforms) = postSolution
		{65E996A4-68B5-4A60-8148-745BB55FDBEF}.Debug|Any CPU.ActiveCfg = Debug|Any CPU
		{65E996A4-68B5-4A60-8148-745BB55FDBEF}.Debug|Any CPU.Build.0 = Debug|Any CPU
		{65E996A4-68B5-4A60-8148-745BB55FDBEF}.Release|Any CPU.ActiveCfg = Release|Any CPU
		{65E996A4-68B5-4A60-8148-745BB55FDBEF}.Release|Any CPU.Build.0 = Release|Any CPU
	EndGlobalSection
	GlobalSection(SolutionProperties) = preSolution
		HideSolutionNode = FALSE
	EndGlobalSection
	GlobalSection(ExtensibilityGlobals) = postSolution
		SolutionGuid = {5B73B1F9-7DBE-48CB-A720-174C2E2C8916}
	EndGlobalSection
EndGlobal
